
Microsoft Visual Studio Solution File, Format Version 12.00
# Visual Studio Version 16
VisualStudioVersion = 16.0.30517.126
MinimumVisualStudioVersion = 10.0.40219.1
Project("{FAE04EC0-301F-11D3-BF4B-00C04F79EFBC}") = "ConsoleApp1", "ConsoleApp1\ConsoleApp1.csproj", "{C32879AC-4243-41FB-8024-0F03DF6600EA}"
EndProject
Global
	GlobalSection(SolutionConfigurationPlatforms) = preSolution
		Debug|Any CPU = Debug|Any CPU
		Release|Any CPU = Release|Any CPU
	EndGlobalSection
	GlobalSection(ProjectConfigurationPlatforms) = postSolution
		{C32879AC-4243-41FB-8024-0F03DF6600EA}.Debug|Any CPU.ActiveCfg = Debug|Any CPU
		{C32879AC-4243-41FB-8024-0F03DF6600EA}.Debug|Any CPU.Build.0 = Debug|Any CPU
		{C32879AC-4243-41FB-8024-0F03DF6600EA}.Release|Any CPU.ActiveCfg = Release|Any CPU
		{C32879AC-4243-41FB-8024-0F03DF6600EA}.Release|Any CPU.Build.0 = Release|Any CPU
	EndGlobalSection
	GlobalSection(SolutionProperties) = preSolution
		HideSolutionNode = FALSE
	EndGlobalSection
	GlobalSection(ExtensibilityGlobals) = postSolution
		SolutionGuid = {5A612FEC-797F-4E2D-B454-8C6ACF5CE5B3}
	EndGlobalSection
EndGlobal
